
Microsoft Visual Studio Solution File, Format Version 12.00
# Visual Studio 15
VisualStudioVersion = 15.0.28010.2050
MinimumVisualStudioVersion = 10.0.40219.1
Project("{E24C65DC-7377-472B-9ABA-BC803B73C61A}") = "Web.UI", "Web.UI\", "{510C5F67-6F2B-43AD-BF7A-47402A1193E2}"
	ProjectSection(WebsiteProperties) = preProject
		TargetFrameworkMoniker = ".NETFramework,Version%3Dv4.6.1"
		ProjectReferences = "{65ca640e-478a-43e6-8745-fc386a004f2c}|Infrastructure.dll;"
		Debug.AspNetCompiler.VirtualPath = "/localhost_3656"
		Debug.AspNetCompiler.PhysicalPath = "Web.UI\"
		Debug.AspNetCompiler.TargetPath = "PrecompiledWeb\localhost_3656\"
		Debug.AspNetCompiler.Updateable = "true"
		Debug.AspNetCompiler.ForceOverwrite = "true"
		Debug.AspNetCompiler.FixedNames = "false"
		Debug.AspNetCompiler.Debug = "True"
		Release.AspNetCompiler.VirtualPath = "/localhost_3656"
		Release.AspNetCompiler.PhysicalPath = "Web.UI\"
		Release.AspNetCompiler.TargetPath = "PrecompiledWeb\localhost_3656\"
		Release.AspNetCompiler.Updateable = "true"
		Release.AspNetCompiler.ForceOverwrite = "true"
		Release.AspNetCompiler.FixedNames = "false"
		Release.AspNetCompiler.Debug = "False"
		VWDPort = "3656"
		SlnRelativePath = "Web.UI\"
		DefaultWebSiteLanguage = "Visual C#"
	EndProjectSection
EndProject
Project("{FAE04EC0-301F-11D3-BF4B-00C04F79EFBC}") = "Infrastructure", "Infrastructure\Infrastructure.csproj", "{65CA640E-478A-43E6-8745-FC386A004F2C}"
EndProject
Global
	GlobalSection(SolutionConfigurationPlatforms) = preSolution
		Debug|Any CPU = Debug|Any CPU
		Release|Any CPU = Release|Any CPU
	EndGlobalSection
	GlobalSection(ProjectConfigurationPlatforms) = postSolution
		{510C5F67-6F2B-43AD-BF7A-47402A1193E2}.Debug|Any CPU.ActiveCfg = Debug|Any CPU
		{510C5F67-6F2B-43AD-BF7A-47402A1193E2}.Debug|Any CPU.Build.0 = Debug|Any CPU
		{510C5F67-6F2B-43AD-BF7A-47402A1193E2}.Release|Any CPU.ActiveCfg = Debug|Any CPU
		{510C5F67-6F2B-43AD-BF7A-47402A1193E2}.Release|Any CPU.Build.0 = Debug|Any CPU
		{65CA640E-478A-43E6-8745-FC386A004F2C}.Debug|Any CPU.ActiveCfg = Debug|Any CPU
		{65CA640E-478A-43E6-8745-FC386A004F2C}.Debug|Any CPU.Build.0 = Debug|Any CPU
		{65CA640E-478A-43E6-8745-FC386A004F2C}.Release|Any CPU.ActiveCfg = Release|Any CPU
		{65CA640E-478A-43E6-8745-FC386A004F2C}.Release|Any CPU.Build.0 = Release|Any CPU
	EndGlobalSection
	GlobalSection(SolutionProperties) = preSolution
		HideSolutionNode = FALSE
	EndGlobalSection
	GlobalSection(ExtensibilityGlobals) = postSolution
		SolutionGuid = {42CE4B04-48F3-4E3A-80A4-671F3F2E3C43}
	EndGlobalSection
EndGlobal
